// !$*UTF8*$!
{
	archiveVersion = 1;
	classes = {
	};
	objectVersion = 46;
	objects = {

/* Begin PBXBuildFile section */
		C0523C561E51543A00AE31E1 /* AppDelegate.swift in Sources */ = {isa = PBXBuildFile; fileRef = C0523C551E51543A00AE31E1 /* AppDelegate.swift */; };
		C0523C581E51543A00AE31E1 /* ViewController.swift in Sources */ = {isa = PBXBuildFile; fileRef = C0523C571E51543A00AE31E1 /* ViewController.swift */; };
		C0523C5B1E51543A00AE31E1 /* Main.storyboard in Resources */ = {isa = PBXBuildFile; fileRef = C0523C591E51543A00AE31E1 /* Main.storyboard */; };
		C0523C5D1E51543A00AE31E1 /* Assets.xcassets in Resources */ = {isa = PBXBuildFile; fileRef = C0523C5C1E51543A00AE31E1 /* Assets.xcassets */; };
		C0523C601E51543A00AE31E1 /* LaunchScreen.storyboard in Resources */ = {isa = PBXBuildFile; fileRef = C0523C5E1E51543A00AE31E1 /* LaunchScreen.storyboard */; };
		C0523C681E51746400AE31E1 /* Access.swift in Sources */ = {isa = PBXBuildFile; fileRef = C0523C671E51746400AE31E1 /* Access.swift */; };
		C0523C6A1E51747300AE31E1 /* Pass.swift in Sources */ = {isa = PBXBuildFile; fileRef = C0523C691E51747300AE31E1 /* Pass.swift */; };
		C08AF61A1E541E8B009C7530 /* PassViewController.swift in Sources */ = {isa = PBXBuildFile; fileRef = C08AF6191E541E8B009C7530 /* PassViewController.swift */; };
/* End PBXBuildFile section */

/* Begin PBXFileReference section */
		C0523C521E51543A00AE31E1 /* NewAmusementPark.app */ = {isa = PBXFileReference; explicitFileType = wrapper.application; includeInIndex = 0; path = NewAmusementPark.app; sourceTree = BUILT_PRODUCTS_DIR; };
		C0523C551E51543A00AE31E1 /* AppDelegate.swift */ = {isa = PBXFileReference; lastKnownFileType = sourcecode.swift; path = AppDelegate.swift; sourceTree = "<group>"; };
		C0523C571E51543A00AE31E1 /* ViewController.swift */ = {isa = PBXFileReference; lastKnownFileType = sourcecode.swift; path = ViewController.swift; sourceTree = "<group>"; };
		C0523C5A1E51543A00AE31E1 /* Base */ = {isa = PBXFileReference; lastKnownFileType = file.storyboard; name = Base; path = Base.lproj/Main.storyboard; sourceTree = "<group>"; };
		C0523C5C1E51543A00AE31E1 /* Assets.xcassets */ = {isa = PBXFileReference; lastKnownFileType = folder.assetcatalog; path = Assets.xcassets; sourceTree = "<group>"; };
		C0523C5F1E51543A00AE31E1 /* Base */ = {isa = PBXFileReference; lastKnownFileType = file.storyboard; name = Base; path = Base.lproj/LaunchScreen.storyboard; sourceTree = "<group>"; };
		C0523C611E51543A00AE31E1 /* Info.plist */ = {isa = PBXFileReference; lastKnownFileType = text.plist.xml; path = Info.plist; sourceTree = "<group>"; };
		C0523C671E51746400AE31E1 /* Access.swift */ = {isa = PBXFileReference; fileEncoding = 4; lastKnownFileType = sourcecode.swift; path = Access.swift; sourceTree = "<group>"; };
		C0523C691E51747300AE31E1 /* Pass.swift */ = {isa = PBXFileReference; fileEncoding = 4; lastKnownFileType = sourcecode.swift; path = Pass.swift; sourceTree = "<group>"; };
		C08AF6191E541E8B009C7530 /* PassViewController.swift */ = {isa = PBXFileReference; fileEncoding = 4; lastKnownFileType = sourcecode.swift; path = PassViewController.swift; sourceTree = "<group>"; };
/* End PBXFileReference section */

/* Begin PBXFrameworksBuildPhase section */
		C0523C4F1E51543900AE31E1 /* Frameworks */ = {
			isa = PBXFrameworksBuildPhase;
			buildActionMask = 2147483647;
			files = (
			);
			runOnlyForDeploymentPostprocessing = 0;
		};
/* End PBXFrameworksBuildPhase section */

/* Begin PBXGroup section */
		C0523C491E51543900AE31E1 = {
			isa = PBXGroup;
			children = (
				C0523C541E51543A00AE31E1 /* NewAmusementPark */,
				C0523C531E51543A00AE31E1 /* Products */,
			);
			sourceTree = "<group>";
		};
		C0523C531E51543A00AE31E1 /* Products */ = {
			isa = PBXGroup;
			children = (
				C0523C521E51543A00AE31E1 /* NewAmusementPark.app */,
			);
			name = Products;
			sourceTree = "<group>";
		};
		C0523C541E51543A00AE31E1 /* NewAmusementPark */ = {
			isa = PBXGroup;
			children = (
				C0523C551E51543A00AE31E1 /* AppDelegate.swift */,
				C0523C571E51543A00AE31E1 /* ViewController.swift */,
				C0523C591E51543A00AE31E1 /* Main.storyboard */,
				C08AF6191E541E8B009C7530 /* PassViewController.swift */,
				C0523C671E51746400AE31E1 /* Access.swift */,
				C0523C691E51747300AE31E1 /* Pass.swift */,
				C0523C5C1E51543A00AE31E1 /* Assets.xcassets */,
				C0523C5E1E51543A00AE31E1 /* LaunchScreen.storyboard */,
				C0523C611E51543A00AE31E1 /* Info.plist */,
			);
			path = NewAmusementPark;
			sourceTree = "<group>";
		};
/* End PBXGroup section */

/* Begin PBXNativeTarget section */
		C0523C511E51543900AE31E1 /* NewAmusementPark */ = {
			isa = PBXNativeTarget;
			buildConfigurationList = C0523C641E51543A00AE31E1 /* Build configuration list for PBXNativeTarget "NewAmusementPark" */;
			buildPhases = (
				C0523C4E1E51543900AE31E1 /* Sources */,
				C0523C4F1E51543900AE31E1 /* Frameworks */,
				C0523C501E51543900AE31E1 /* Resources */,
			);
			buildRules = (
			);
			dependencies = (
			);
			name = NewAmusementPark;
			productName = NewAmusementPark;
			productReference = C0523C521E51543A00AE31E1 /* NewAmusementPark.app */;
			productType = "com.apple.product-type.application";
		};
/* End PBXNativeTarget section */

/* Begin PBXProject section */
		C0523C4A1E51543900AE31E1 /* Project object */ = {
			isa = PBXProject;
			attributes = {
				LastSwiftUpdateCheck = 0820;
				LastUpgradeCheck = 0820;
				ORGANIZATIONNAME = "Cori Mims";
				TargetAttributes = {
					C0523C511E51543900AE31E1 = {
						CreatedOnToolsVersion = 8.2.1;
						DevelopmentTeam = KZN59D2FKU;
						ProvisioningStyle = Automatic;
					};
				};
			};
			buildConfigurationList = C0523C4D1E51543900AE31E1 /* Build configuration list for PBXProject "NewAmusementPark" */;
			compatibilityVersion = "Xcode 3.2";
			developmentRegion = English;
			hasScannedForEncodings = 0;
			knownRegions = (
				en,
				Base,
			);
			mainGroup = C0523C491E51543900AE31E1;
			productRefGroup = C0523C531E51543A00AE31E1 /* Products */;
			projectDirPath = "";
			projectRoot = "";
			targets = (
				C0523C511E51543900AE31E1 /* NewAmusementPark */,
			);
		};
/* End PBXProject section */

/* Begin PBXResourcesBuildPhase section */
		C0523C501E51543900AE31E1 /* Resources */ = {
			isa = PBXResourcesBuildPhase;
			buildActionMask = 2147483647;
			files = (
				C0523C601E51543A00AE31E1 /* LaunchScreen.storyboard in Resources */,
				C0523C5D1E51543A00AE31E1 /* Assets.xcassets in Resources */,
				C0523C5B1E51543A00AE31E1 /* Main.storyboard in Resources */,
			);
			runOnlyForDeploymentPostprocessing = 0;
		};
/* End PBXResourcesBuildPhase section */

/* Begin PBXSourcesBuildPhase section */
		C0523C4E1E51543900AE31E1 /* Sources */ = {
			isa = PBXSourcesBuildPhase;
			buildActionMask = 2147483647;
			files = (
				C0523C6A1E51747300AE31E1 /* Pass.swift in Sources */,
				C0523C581E51543A00AE31E1 /* ViewController.swift in Sources */,
				C0523C681E51746400AE31E1 /* Access.swift in Sources */,
				C08AF61A1E541E8B009C7530 /* PassViewController.swift in Sources */,
				C0523C561E51543A00AE31E1 /* AppDelegate.swift in Sources */,
			);
			runOnlyForDeploymentPostprocessing = 0;
		};
/* End PBXSourcesBuildPhase section */

/* Begin PBXVariantGroup section */
		C0523C591E51543A00AE31E1 /* Main.storyboard */ = {
			isa = PBXVariantGroup;
			children = (
				C0523C5A1E51543A00AE31E1 /* Base */,
			);
			name = Main.storyboard;
			sourceTree = "<group>";
		};
		C0523C5E1E51543A00AE31E1 /* LaunchScreen.storyboard */ = {
			isa = PBXVariantGroup;
			children = (
				C0523C5F1E51543A00AE31E1 /* Base */,
			);
			name = LaunchScreen.storyboard;
			sourceTree = "<group>";
		};
/* End PBXVariantGroup section */

/* Begin XCBuildConfiguration section */
		C0523C621E51543A00AE31E1 /* Debug */ = {
			isa = XCBuildConfiguration;
			buildSettings = {
				ALWAYS_SEARCH_USER_PATHS = NO;
				CLANG_ANALYZER_NONNULL = YES;
				CLANG_CXX_LANGUAGE_STANDARD = "gnu++0x";
				CLANG_CXX_LIBRARY = "libc++";
				CLANG_ENABLE_MODULES = YES;
				CLANG_ENABLE_OBJC_ARC = YES;
				CLANG_WARN_BOOL_CONVERSION = YES;
				CLANG_WARN_CONSTANT_CONVERSION = YES;
				CLANG_WARN_DIRECT_OBJC_ISA_USAGE = YES_ERROR;
				CLANG_WARN_DOCUMENTATION_COMMENTS = YES;
				CLANG_WARN_EMPTY_BODY = YES;
				CLANG_WARN_ENUM_CONVERSION = YES;
				CLANG_WARN_INFINITE_RECURSION = YES;
				CLANG_WARN_INT_CONVERSION = YES;
				CLANG_WARN_OBJC_ROOT_CLASS = YES_ERROR;
				CLANG_WARN_SUSPICIOUS_MOVE = YES;
				CLANG_WARN_UNREACHABLE_CODE = YES;
				CLANG_WARN__DUPLICATE_METHOD_MATCH = YES;
				"CODE_SIGN_IDENTITY[sdk=iphoneos*]" = "iPhone Developer";
				COPY_PHASE_STRIP = NO;
				DEBUG_INFORMATION_FORMAT = dwarf;
				ENABLE_STRICT_OBJC_MSGSEND = YES;
				ENABLE_TESTABILITY = YES;
				GCC_C_LANGUAGE_STANDARD = gnu99;
				GCC_DYNAMIC_NO_PIC = NO;
				GCC_NO_COMMON_BLOCKS = YES;
				GCC_OPTIMIZATION_LEVEL = 0;
				GCC_PREPROCESSOR_DEFINITIONS = (
					"DEBUG=1",
					"$(inherited)",
				);
				GCC_WARN_64_TO_32_BIT_CONVERSION = YES;
				GCC_WARN_ABOUT_RETURN_TYPE = YES_ERROR;
				GCC_WARN_UNDECLARED_SELECTOR = YES;
				GCC_WARN_UNINITIALIZED_AUTOS = YES_AGGRESSIVE;
				GCC_WARN_UNUSED_FUNCTION = YES;
				GCC_WARN_UNUSED_VARIABLE = YES;
				IPHONEOS_DEPLOYMENT_TARGET = 10.2;
				MTL_ENABLE_DEBUG_INFO = YES;
				ONLY_ACTIVE_ARCH = YES;
				SDKROOT = iphoneos;
				SWIFT_ACTIVE_COMPILATION_CONDITIONS = DEBUG;
				SWIFT_OPTIMIZATION_LEVEL = "-Onone";
				TARGETED_DEVICE_FAMILY = "1,2";
			};
			name = Debug;
		};
		C0523C631E51543A00AE31E1 /* Release */ = {
			isa = XCBuildConfiguration;
			buildSettings = {
				ALWAYS_SEARCH_USER_PATHS = NO;
				CLANG_ANALYZER_NONNULL = YES;
				CLANG_CXX_LANGUAGE_STANDARD = "gnu++0x";
				CLANG_CXX_LIBRARY = "libc++";
				CLANG_ENABLE_MODULES = YES;
				CLANG_ENABLE_OBJC_ARC = YES;
				CLANG_WARN_BOOL_CONVERSION = YES;
				CLANG_WARN_CONSTANT_CONVERSION = YES;
				CLANG_WARN_DIRECT_OBJC_ISA_USAGE = YES_ERROR;
				CLANG_WARN_DOCUMENTATION_COMMENTS = YES;
				CLANG_WARN_EMPTY_BODY = YES;
				CLANG_WARN_ENUM_CONVERSION = YES;
				CLANG_WARN_INFINITE_RECURSION = YES;
				CLANG_WARN_INT_CONVERSION = YES;
				CLANG_WARN_OBJC_ROOT_CLASS = YES_ERROR;
				CLANG_WARN_SUSPICIOUS_MOVE = YES;
				CLANG_WARN_UNREACHABLE_CODE = YES;
				CLANG_WARN__DUPLICATE_METHOD_MATCH = YES;
				"CODE_SIGN_IDENTITY[sdk=iphoneos*]" = "iPhone Developer";
				COPY_PHASE_STRIP = NO;
				DEBUG_INFORMATION_FORMAT = "dwarf-with-dsym";
				ENABLE_NS_ASSERTIONS = NO;
				ENABLE_STRICT_OBJC_MSGSEND = YES;
				GCC_C_LANGUAGE_STANDARD = gnu99;
				GCC_NO_COMMON_BLOCKS = YES;
				GCC_WARN_64_TO_32_BIT_CONVERSION = YES;
				GCC_WARN_ABOUT_RETURN_TYPE = YES_ERROR;
				GCC_WARN_UNDECLARED_SELECTOR = YES;
				GCC_WARN_UNINITIALIZED_AUTOS = YES_AGGRESSIVE;
				GCC_WARN_UNUSED_FUNCTION = YES;
				GCC_WARN_UNUSED_VARIABLE = YES;
				IPHONEOS_DEPLOYMENT_TARGET = 10.2;
				MTL_ENABLE_DEBUG_INFO = NO;
				SDKROOT = iphoneos;
				SWIFT_OPTIMIZATION_LEVEL = "-Owholemodule";
				TARGETED_DEVICE_FAMILY = "1,2";
				VALIDATE_PRODUCT = YES;
			};
			name = Release;
		};
		C0523C651E51543A00AE31E1 /* Debug */ = {
			isa = XCBuildConfiguration;
			buildSettings = {
				ASSETCATALOG_COMPILER_APPICON_NAME = AppIcon;
				DEVELOPMENT_TEAM = KZN59D2FKU;
				INFOPLIST_FILE = NewAmusementPark/Info.plist;
				LD_RUNPATH_SEARCH_PATHS = "$(inherited) @executable_path/Frameworks";
				PRODUCT_BUNDLE_IDENTIFIER = com.teamtreehouse.NewAmusementPark;
				PRODUCT_NAME = "$(TARGET_NAME)";
				SWIFT_VERSION = 3.0;
			};
			name = Debug;
		};
		C0523C661E51543A00AE31E1 /* Release */ = {
			isa = XCBuildConfiguration;
			buildSettings = {
				ASSETCATALOG_COMPILER_APPICON_NAME = AppIcon;
				DEVELOPMENT_TEAM = KZN59D2FKU;
				INFOPLIST_FILE = NewAmusementPark/Info.plist;
				LD_RUNPATH_SEARCH_PATHS = "$(inherited) @executable_path/Frameworks";
				PRODUCT_BUNDLE_IDENTIFIER = com.teamtreehouse.NewAmusementPark;
				PRODUCT_NAME = "$(TARGET_NAME)";
				SWIFT_VERSION = 3.0;
			};
			name = Release;
		};
/* End XCBuildConfiguration section */

/* Begin XCConfigurationList section */
		C0523C4D1E51543900AE31E1 /* Build configuration list for PBXProject "NewAmusementPark" */ = {
			isa = XCConfigurationList;
			buildConfigurations = (
				C0523C621E51543A00AE31E1 /* Debug */,
				C0523C631E51543A00AE31E1 /* Release */,
			);
			defaultConfigurationIsVisible = 0;
			defaultConfigurationName = Release;
		};
		C0523C641E51543A00AE31E1 /* Build configuration list for PBXNativeTarget "NewAmusementPark" */ = {
			isa = XCConfigurationList;
			buildConfigurations = (
				C0523C651E51543A00AE31E1 /* Debug */,
				C0523C661E51543A00AE31E1 /* Release */,
			);
			defaultConfigurationIsVisible = 0;
			defaultConfigurationName = Release;
		};
/* End XCConfigurationList section */
	};
	rootObject = C0523C4A1E51543900AE31E1 /* Project object */;
}
